// !$*UTF8*$!
{
	archiveVersion = 1;
	classes = {
	};
	objectVersion = 52;
	objects = {

/* Begin PBXBuildFile section */
		B216461F27409521009B2869 /* Toast in Frameworks */ = {isa = PBXBuildFile; productRef = B216461E27409521009B2869 /* Toast */; };
		B216462B27409599009B2869 /* SDWebImage in Frameworks */ = {isa = PBXBuildFile; productRef = B216462A27409599009B2869 /* SDWebImage */; };
		B21EE6292751C1B100E279C6 /* Alamofire in Frameworks */ = {isa = PBXBuildFile; productRef = B21EE6282751C1B100E279C6 /* Alamofire */; };
		B21EE63A2751D03C00E279C6 /* TopBook.swift in Sources */ = {isa = PBXBuildFile; fileRef = B21EE6392751D03C00E279C6 /* TopBook.swift */; };
		B24E826E2752C0D80069224D /* BookStoreVC.swift in Sources */ = {isa = PBXBuildFile; fileRef = B24E826D2752C0D80069224D /* BookStoreVC.swift */; };
		B24E82732752C8B10069224D /* BookStoreCell.swift in Sources */ = {isa = PBXBuildFile; fileRef = B24E82712752C8B10069224D /* BookStoreCell.swift */; };
		B24E82742752C8B10069224D /* BookStoreCell.xib in Resources */ = {isa = PBXBuildFile; fileRef = B24E82722752C8B10069224D /* BookStoreCell.xib */; };
		B24E82782752D6550069224D /* DetailsVS.swift in Sources */ = {isa = PBXBuildFile; fileRef = B24E82772752D6550069224D /* DetailsVS.swift */; };
		B25220FC2751F489003E6894 /* Search.storyboard in Resources */ = {isa = PBXBuildFile; fileRef = B25220FA2751F489003E6894 /* Search.storyboard */; };
		B25221012751F4ED003E6894 /* SearchCell.swift in Sources */ = {isa = PBXBuildFile; fileRef = B25220FF2751F4ED003E6894 /* SearchCell.swift */; };
		B25221022751F4ED003E6894 /* SearchCell.xib in Resources */ = {isa = PBXBuildFile; fileRef = B25221002751F4ED003E6894 /* SearchCell.xib */; };
		B26D6810275D3F8A003164A0 /* SrearchViewModel.swift in Sources */ = {isa = PBXBuildFile; fileRef = B26D680F275D3F8A003164A0 /* SrearchViewModel.swift */; };
		B26D6813275D414A003164A0 /* SearchCellViewModel.swift in Sources */ = {isa = PBXBuildFile; fileRef = B26D6812275D414A003164A0 /* SearchCellViewModel.swift */; };
		B26D6819275D564D003164A0 /* SearchDetailsVC.swift in Sources */ = {isa = PBXBuildFile; fileRef = B26D6818275D564D003164A0 /* SearchDetailsVC.swift */; };
		B26F00AE2753038D00A43EE4 /* BookStoreViewModel.swift in Sources */ = {isa = PBXBuildFile; fileRef = B26F00AD2753038D00A43EE4 /* BookStoreViewModel.swift */; };
		B26F00B127530A3F00A43EE4 /* BookStoreCellViewModel.swift in Sources */ = {isa = PBXBuildFile; fileRef = B26F00B027530A3F00A43EE4 /* BookStoreCellViewModel.swift */; };
		B2860C1E27404D4000EDDD9B /* AppDelegate.swift in Sources */ = {isa = PBXBuildFile; fileRef = B2860C1D27404D4000EDDD9B /* AppDelegate.swift */; };
		B2860C2527404D4000EDDD9B /* Main.storyboard in Resources */ = {isa = PBXBuildFile; fileRef = B2860C2327404D4000EDDD9B /* Main.storyboard */; };
		B2860C2727404D4100EDDD9B /* Assets.xcassets in Resources */ = {isa = PBXBuildFile; fileRef = B2860C2627404D4100EDDD9B /* Assets.xcassets */; };
		B2860C2A27404D4100EDDD9B /* LaunchScreen.storyboard in Resources */ = {isa = PBXBuildFile; fileRef = B2860C2827404D4100EDDD9B /* LaunchScreen.storyboard */; };
		B2860C412740504700EDDD9B /* UIView.swift in Sources */ = {isa = PBXBuildFile; fileRef = B2860C402740504700EDDD9B /* UIView.swift */; };
		B2860C4B2740508F00EDDD9B /* Constant.swift in Sources */ = {isa = PBXBuildFile; fileRef = B2860C482740508F00EDDD9B /* Constant.swift */; };
		B2860C4D2740508F00EDDD9B /* ResoneError.swift in Sources */ = {isa = PBXBuildFile; fileRef = B2860C4A2740508F00EDDD9B /* ResoneError.swift */; };
		B2860C582740523B00EDDD9B /* Helper+Ext.swift in Sources */ = {isa = PBXBuildFile; fileRef = B2860C552740523B00EDDD9B /* Helper+Ext.swift */; };
		B2A752EA275710E400A4BC82 /* SearchBook.swift in Sources */ = {isa = PBXBuildFile; fileRef = B2A752E9275710E400A4BC82 /* SearchBook.swift */; };
		B2A752ED2757114400A4BC82 /* SearchVC.swift in Sources */ = {isa = PBXBuildFile; fileRef = B2A752EC2757114400A4BC82 /* SearchVC.swift */; };
		B2E2AEC7275BE1D100E50B9C /* ApiService.swift in Sources */ = {isa = PBXBuildFile; fileRef = B2E2AEC6275BE1D100E50B9C /* ApiService.swift */; };
		B2E2AECA275BEC3200E50B9C /* State.swift in Sources */ = {isa = PBXBuildFile; fileRef = B2E2AEC9275BEC3200E50B9C /* State.swift */; };
		B2EC8657275C018E00FD57DD /* TopFreeBooks.storyboard in Resources */ = {isa = PBXBuildFile; fileRef = B2EC8655275C018E00FD57DD /* TopFreeBooks.storyboard */; };
		B2EC865A275C019E00FD57DD /* TopPaidBooks.storyboard in Resources */ = {isa = PBXBuildFile; fileRef = B2EC8659275C019E00FD57DD /* TopPaidBooks.storyboard */; };
		B2EC8664275C1B6400FD57DD /* TopPaidBookVC.swift in Sources */ = {isa = PBXBuildFile; fileRef = B2EC8663275C1B6400FD57DD /* TopPaidBookVC.swift */; };
		B2EC8667275C1BFD00FD57DD /* TopPaidBookViewModel.swift in Sources */ = {isa = PBXBuildFile; fileRef = B2EC8666275C1BFD00FD57DD /* TopPaidBookViewModel.swift */; };
/* End PBXBuildFile section */

/* Begin PBXFileReference section */
		B21EE6392751D03C00E279C6 /* TopBook.swift */ = {isa = PBXFileReference; lastKnownFileType = sourcecode.swift; path = TopBook.swift; sourceTree = "<group>"; };
		B24E826D2752C0D80069224D /* BookStoreVC.swift */ = {isa = PBXFileReference; lastKnownFileType = sourcecode.swift; path = BookStoreVC.swift; sourceTree = "<group>"; };
		B24E82712752C8B10069224D /* BookStoreCell.swift */ = {isa = PBXFileReference; lastKnownFileType = sourcecode.swift; path = BookStoreCell.swift; sourceTree = "<group>"; };
		B24E82722752C8B10069224D /* BookStoreCell.xib */ = {isa = PBXFileReference; lastKnownFileType = file.xib; path = BookStoreCell.xib; sourceTree = "<group>"; };
		B24E82772752D6550069224D /* DetailsVS.swift */ = {isa = PBXFileReference; lastKnownFileType = sourcecode.swift; path = DetailsVS.swift; sourceTree = "<group>"; };
		B25220FB2751F489003E6894 /* Base */ = {isa = PBXFileReference; lastKnownFileType = file.storyboard; name = Base; path = "Books Apple/Base.lproj/Search.storyboard"; sourceTree = "<group>"; };
		B25220FF2751F4ED003E6894 /* SearchCell.swift */ = {isa = PBXFileReference; lastKnownFileType = sourcecode.swift; path = SearchCell.swift; sourceTree = "<group>"; };
		B25221002751F4ED003E6894 /* SearchCell.xib */ = {isa = PBXFileReference; lastKnownFileType = file.xib; path = SearchCell.xib; sourceTree = "<group>"; };
		B26D680F275D3F8A003164A0 /* SrearchViewModel.swift */ = {isa = PBXFileReference; lastKnownFileType = sourcecode.swift; path = SrearchViewModel.swift; sourceTree = "<group>"; };
		B26D6812275D414A003164A0 /* SearchCellViewModel.swift */ = {isa = PBXFileReference; lastKnownFileType = sourcecode.swift; path = SearchCellViewModel.swift; sourceTree = "<group>"; };
		B26D6818275D564D003164A0 /* SearchDetailsVC.swift */ = {isa = PBXFileReference; lastKnownFileType = sourcecode.swift; path = SearchDetailsVC.swift; sourceTree = "<group>"; };
		B26F00AD2753038D00A43EE4 /* BookStoreViewModel.swift */ = {isa = PBXFileReference; lastKnownFileType = sourcecode.swift; path = BookStoreViewModel.swift; sourceTree = "<group>"; };
		B26F00B027530A3F00A43EE4 /* BookStoreCellViewModel.swift */ = {isa = PBXFileReference; lastKnownFileType = sourcecode.swift; path = BookStoreCellViewModel.swift; sourceTree = "<group>"; };
		B2860C1A27404D4000EDDD9B /* Books Apple.app */ = {isa = PBXFileReference; explicitFileType = wrapper.application; includeInIndex = 0; path = "Books Apple.app"; sourceTree = BUILT_PRODUCTS_DIR; };
		B2860C1D27404D4000EDDD9B /* AppDelegate.swift */ = {isa = PBXFileReference; lastKnownFileType = sourcecode.swift; path = AppDelegate.swift; sourceTree = "<group>"; };
		B2860C2427404D4000EDDD9B /* Base */ = {isa = PBXFileReference; lastKnownFileType = file.storyboard; name = Base; path = Base.lproj/Main.storyboard; sourceTree = "<group>"; };
		B2860C2627404D4100EDDD9B /* Assets.xcassets */ = {isa = PBXFileReference; lastKnownFileType = folder.assetcatalog; path = Assets.xcassets; sourceTree = "<group>"; };
		B2860C2927404D4100EDDD9B /* Base */ = {isa = PBXFileReference; lastKnownFileType = file.storyboard; name = Base; path = Base.lproj/LaunchScreen.storyboard; sourceTree = "<group>"; };
		B2860C2B27404D4100EDDD9B /* Info.plist */ = {isa = PBXFileReference; lastKnownFileType = text.plist.xml; path = Info.plist; sourceTree = "<group>"; };
		B2860C402740504700EDDD9B /* UIView.swift */ = {isa = PBXFileReference; fileEncoding = 4; lastKnownFileType = sourcecode.swift; path = UIView.swift; sourceTree = "<group>"; };
		B2860C482740508F00EDDD9B /* Constant.swift */ = {isa = PBXFileReference; fileEncoding = 4; lastKnownFileType = sourcecode.swift; path = Constant.swift; sourceTree = "<group>"; };
		B2860C4A2740508F00EDDD9B /* ResoneError.swift */ = {isa = PBXFileReference; fileEncoding = 4; lastKnownFileType = sourcecode.swift; path = ResoneError.swift; sourceTree = "<group>"; };
		B2860C552740523B00EDDD9B /* Helper+Ext.swift */ = {isa = PBXFileReference; fileEncoding = 4; lastKnownFileType = sourcecode.swift; path = "Helper+Ext.swift"; sourceTree = "<group>"; };
		B2A752E9275710E400A4BC82 /* SearchBook.swift */ = {isa = PBXFileReference; lastKnownFileType = sourcecode.swift; path = SearchBook.swift; sourceTree = "<group>"; };
		B2A752EC2757114400A4BC82 /* SearchVC.swift */ = {isa = PBXFileReference; lastKnownFileType = sourcecode.swift; path = SearchVC.swift; sourceTree = "<group>"; };
		B2E2AEC6275BE1D100E50B9C /* ApiService.swift */ = {isa = PBXFileReference; fileEncoding = 4; lastKnownFileType = sourcecode.swift; path = ApiService.swift; sourceTree = "<group>"; };
		B2E2AEC9275BEC3200E50B9C /* State.swift */ = {isa = PBXFileReference; lastKnownFileType = sourcecode.swift; path = State.swift; sourceTree = "<group>"; };
		B2EC8656275C018E00FD57DD /* Base */ = {isa = PBXFileReference; lastKnownFileType = file.storyboard; name = Base; path = "Books Apple/StoryBoard/Base.lproj/TopFreeBooks.storyboard"; sourceTree = "<group>"; };
		B2EC8659275C019E00FD57DD /* TopPaidBooks.storyboard */ = {isa = PBXFileReference; fileEncoding = 4; lastKnownFileType = file.storyboard; path = TopPaidBooks.storyboard; sourceTree = "<group>"; };
		B2EC8663275C1B6400FD57DD /* TopPaidBookVC.swift */ = {isa = PBXFileReference; lastKnownFileType = sourcecode.swift; path = TopPaidBookVC.swift; sourceTree = "<group>"; };
		B2EC8666275C1BFD00FD57DD /* TopPaidBookViewModel.swift */ = {isa = PBXFileReference; lastKnownFileType = sourcecode.swift; path = TopPaidBookViewModel.swift; sourceTree = "<group>"; };
/* End PBXFileReference section */

/* Begin PBXFrameworksBuildPhase section */
		B2860C1727404D4000EDDD9B /* Frameworks */ = {
			isa = PBXFrameworksBuildPhase;
			buildActionMask = 2147483647;
			files = (
				B21EE6292751C1B100E279C6 /* Alamofire in Frameworks */,
				B216462B27409599009B2869 /* SDWebImage in Frameworks */,
				B216461F27409521009B2869 /* Toast in Frameworks */,
			);
			runOnlyForDeploymentPostprocessing = 0;
		};
/* End PBXFrameworksBuildPhase section */

/* Begin PBXGroup section */
		B216462127409526009B2869 /* Model */ = {
			isa = PBXGroup;
			children = (
				B21646232740952D009B2869 /* Search */,
				B2A8B237275835A8007FDF63 /* TopBooks */,
			);
			name = Model;
			sourceTree = "<group>";
		};
		B21646232740952D009B2869 /* Search */ = {
			isa = PBXGroup;
			children = (
				B2A752E9275710E400A4BC82 /* SearchBook.swift */,
			);
			path = Search;
			sourceTree = "<group>";
		};
		B24E827A2752D6860069224D /* StoryBoard */ = {
			isa = PBXGroup;
			children = (
				B2860C2327404D4000EDDD9B /* Main.storyboard */,
				B2EC8655275C018E00FD57DD /* TopFreeBooks.storyboard */,
				B2EC8659275C019E00FD57DD /* TopPaidBooks.storyboard */,
				B25220FA2751F489003E6894 /* Search.storyboard */,
			);
			path = StoryBoard;
			sourceTree = "<group>";
		};
		B25220FE2751F4D2003E6894 /* CustomView */ = {
			isa = PBXGroup;
			children = (
				B2A8B23227583526007FDF63 /* SearchCell */,
				B2A8B23427583545007FDF63 /* BookStoreCell */,
			);
			name = CustomView;
			path = ..;
			sourceTree = "<group>";
		};
		B26D6815275D4CFF003164A0 /* SearchViewModel */ = {
			isa = PBXGroup;
			children = (
				B26D6812275D414A003164A0 /* SearchCellViewModel.swift */,
				B26D680F275D3F8A003164A0 /* SrearchViewModel.swift */,
			);
			name = SearchViewModel;
			sourceTree = "<group>";
		};
		B26D6816275D4D18003164A0 /* BookViewModel */ = {
			isa = PBXGroup;
			children = (
				B26F00AD2753038D00A43EE4 /* BookStoreViewModel.swift */,
				B26F00B027530A3F00A43EE4 /* BookStoreCellViewModel.swift */,
				B2EC8666275C1BFD00FD57DD /* TopPaidBookViewModel.swift */,
			);
			name = BookViewModel;
			sourceTree = "<group>";
		};
		B26F00A7275302FB00A43EE4 /* Views */ = {
			isa = PBXGroup;
			children = (
				B2EC865D275C1A6B00FD57DD /* TopFreeBook */,
				B2EC865E275C1A8500FD57DD /* TopPaidBook */,
				B2EC865F275C1A9100FD57DD /* Search */,
			);
			path = Views;
			sourceTree = "<group>";
		};
		B26F00A92753031000A43EE4 /* Details */ = {
			isa = PBXGroup;
			children = (
				B24E82772752D6550069224D /* DetailsVS.swift */,
			);
			path = Details;
			sourceTree = "<group>";
		};
		B26F00AC2753036C00A43EE4 /* ViewModel */ = {
			isa = PBXGroup;
			children = (
				B26D6816275D4D18003164A0 /* BookViewModel */,
				B26D6815275D4CFF003164A0 /* SearchViewModel */,
			);
			name = ViewModel;
			sourceTree = "<group>";
		};
		B2860C1127404D4000EDDD9B = {
			isa = PBXGroup;
			children = (
				B2860C1C27404D4000EDDD9B /* Books Apple */,
			);
			sourceTree = "<group>";
		};
		B2860C1B27404D4000EDDD9B /* Products */ = {
			isa = PBXGroup;
			children = (
				B2860C1A27404D4000EDDD9B /* Books Apple.app */,
			);
			name = Products;
			path = ..;
			sourceTree = "<group>";
		};
		B2860C1C27404D4000EDDD9B /* Books Apple */ = {
			isa = PBXGroup;
			children = (
				B2860C3227404D5300EDDD9B /* Delegate */,
				B2860C442740506300EDDD9B /* NetworkManger */,
				B216462127409526009B2869 /* Model */,
				B26F00AC2753036C00A43EE4 /* ViewModel */,
				B26F00A7275302FB00A43EE4 /* Views */,
				B24E827A2752D6860069224D /* StoryBoard */,
				B25220FE2751F4D2003E6894 /* CustomView */,
				B2860C472740508500EDDD9B /* Utilities */,
				B2860C462740506E00EDDD9B /* Extension */,
				B2860C3527404D7B00EDDD9B /* Support */,
				B2860C1B27404D4000EDDD9B /* Products */,
			);
			path = "Books Apple";
			sourceTree = "<group>";
		};
		B2860C3227404D5300EDDD9B /* Delegate */ = {
			isa = PBXGroup;
			children = (
				B2860C1D27404D4000EDDD9B /* AppDelegate.swift */,
			);
			path = Delegate;
			sourceTree = "<group>";
		};
		B2860C3527404D7B00EDDD9B /* Support */ = {
			isa = PBXGroup;
			children = (
				B2860C2627404D4100EDDD9B /* Assets.xcassets */,
				B2860C2B27404D4100EDDD9B /* Info.plist */,
				B2860C2827404D4100EDDD9B /* LaunchScreen.storyboard */,
			);
			path = Support;
			sourceTree = "<group>";
		};
		B2860C442740506300EDDD9B /* NetworkManger */ = {
			isa = PBXGroup;
			children = (
				B2E2AEC6275BE1D100E50B9C /* ApiService.swift */,
			);
			path = NetworkManger;
			sourceTree = "<group>";
		};
		B2860C462740506E00EDDD9B /* Extension */ = {
			isa = PBXGroup;
			children = (
				B2860C552740523B00EDDD9B /* Helper+Ext.swift */,
				B2860C402740504700EDDD9B /* UIView.swift */,
			);
			name = Extension;
			sourceTree = "<group>";
		};
		B2860C472740508500EDDD9B /* Utilities */ = {
			isa = PBXGroup;
			children = (
				B2860C482740508F00EDDD9B /* Constant.swift */,
				B2860C4A2740508F00EDDD9B /* ResoneError.swift */,
				B2E2AEC9275BEC3200E50B9C /* State.swift */,
			);
			name = Utilities;
			sourceTree = "<group>";
		};
		B2A8B23227583526007FDF63 /* SearchCell */ = {
			isa = PBXGroup;
			children = (
				B25220FF2751F4ED003E6894 /* SearchCell.swift */,
				B25221002751F4ED003E6894 /* SearchCell.xib */,
			);
			path = SearchCell;
			sourceTree = "<group>";
		};
		B2A8B23427583545007FDF63 /* BookStoreCell */ = {
			isa = PBXGroup;
			children = (
				B24E82712752C8B10069224D /* BookStoreCell.swift */,
				B24E82722752C8B10069224D /* BookStoreCell.xib */,
			);
			path = BookStoreCell;
			sourceTree = "<group>";
		};
		B2A8B237275835A8007FDF63 /* TopBooks */ = {
			isa = PBXGroup;
			children = (
				B21EE6392751D03C00E279C6 /* TopBook.swift */,
			);
			path = TopBooks;
			sourceTree = "<group>";
		};
		B2EC865D275C1A6B00FD57DD /* TopFreeBook */ = {
			isa = PBXGroup;
			children = (
				B24E826D2752C0D80069224D /* BookStoreVC.swift */,
				B26F00A92753031000A43EE4 /* Details */,
			);
			name = TopFreeBook;
			sourceTree = "<group>";
		};
		B2EC865E275C1A8500FD57DD /* TopPaidBook */ = {
			isa = PBXGroup;
			children = (
				B2EC8663275C1B6400FD57DD /* TopPaidBookVC.swift */,
			);
			path = TopPaidBook;
			sourceTree = "<group>";
		};
		B2EC865F275C1A9100FD57DD /* Search */ = {
			isa = PBXGroup;
			children = (
				B2A752EC2757114400A4BC82 /* SearchVC.swift */,
				B26D6818275D564D003164A0 /* SearchDetailsVC.swift */,
			);
			path = Search;
			sourceTree = "<group>";
		};
/* End PBXGroup section */

/* Begin PBXNativeTarget section */
		B2860C1927404D4000EDDD9B /* Books Apple */ = {
			isa = PBXNativeTarget;
			buildConfigurationList = B2860C2E27404D4100EDDD9B /* Build configuration list for PBXNativeTarget "Books Apple" */;
			buildPhases = (
				B2860C1627404D4000EDDD9B /* Sources */,
				B2860C1727404D4000EDDD9B /* Frameworks */,
				B2860C1827404D4000EDDD9B /* Resources */,
			);
			buildRules = (
			);
			dependencies = (
			);
			name = "Books Apple";
			packageProductDependencies = (
				B216461E27409521009B2869 /* Toast */,
				B216462A27409599009B2869 /* SDWebImage */,
				B21EE6282751C1B100E279C6 /* Alamofire */,
			);
			productName = "Books Apple";
			productReference = B2860C1A27404D4000EDDD9B /* Books Apple.app */;
			productType = "com.apple.product-type.application";
		};
/* End PBXNativeTarget section */

/* Begin PBXProject section */
		B2860C1227404D4000EDDD9B /* Project object */ = {
			isa = PBXProject;
			attributes = {
				LastSwiftUpdateCheck = 1240;
				LastUpgradeCheck = 1240;
				TargetAttributes = {
					B2860C1927404D4000EDDD9B = {
						CreatedOnToolsVersion = 12.4;
					};
				};
			};
			buildConfigurationList = B2860C1527404D4000EDDD9B /* Build configuration list for PBXProject "Books Apple" */;
			compatibilityVersion = "Xcode 9.3";
			developmentRegion = en;
			hasScannedForEncodings = 0;
			knownRegions = (
				en,
				Base,
			);
			mainGroup = B2860C1127404D4000EDDD9B;
			packageReferences = (
				B216461D27409521009B2869 /* XCRemoteSwiftPackageReference "Toast-Swift" */,
				B216462927409599009B2869 /* XCRemoteSwiftPackageReference "SDWebImage" */,
				B21EE6272751C1B100E279C6 /* XCRemoteSwiftPackageReference "Alamofire" */,
			);
			productRefGroup = B2860C1B27404D4000EDDD9B /* Products */;
			projectDirPath = "";
			projectRoot = "";
			targets = (
				B2860C1927404D4000EDDD9B /* Books Apple */,
			);
		};
/* End PBXProject section */

/* Begin PBXResourcesBuildPhase section */
		B2860C1827404D4000EDDD9B /* Resources */ = {
			isa = PBXResourcesBuildPhase;
			buildActionMask = 2147483647;
			files = (
				B25221022751F4ED003E6894 /* SearchCell.xib in Resources */,
				B2860C2A27404D4100EDDD9B /* LaunchScreen.storyboard in Resources */,
				B2860C2727404D4100EDDD9B /* Assets.xcassets in Resources */,
				B2EC8657275C018E00FD57DD /* TopFreeBooks.storyboard in Resources */,
				B24E82742752C8B10069224D /* BookStoreCell.xib in Resources */,
				B2EC865A275C019E00FD57DD /* TopPaidBooks.storyboard in Resources */,
				B25220FC2751F489003E6894 /* Search.storyboard in Resources */,
				B2860C2527404D4000EDDD9B /* Main.storyboard in Resources */,
			);
			runOnlyForDeploymentPostprocessing = 0;
		};
/* End PBXResourcesBuildPhase section */

/* Begin PBXSourcesBuildPhase section */
		B2860C1627404D4000EDDD9B /* Sources */ = {
			isa = PBXSourcesBuildPhase;
			buildActionMask = 2147483647;
			files = (
				B21EE63A2751D03C00E279C6 /* TopBook.swift in Sources */,
				B2EC8667275C1BFD00FD57DD /* TopPaidBookViewModel.swift in Sources */,
				B26F00B127530A3F00A43EE4 /* BookStoreCellViewModel.swift in Sources */,
				B2860C412740504700EDDD9B /* UIView.swift in Sources */,
				B25221012751F4ED003E6894 /* SearchCell.swift in Sources */,
				B2860C4B2740508F00EDDD9B /* Constant.swift in Sources */,
				B2E2AEC7275BE1D100E50B9C /* ApiService.swift in Sources */,
				B2A752EA275710E400A4BC82 /* SearchBook.swift in Sources */,
				B26F00AE2753038D00A43EE4 /* BookStoreViewModel.swift in Sources */,
				B26D6810275D3F8A003164A0 /* SrearchViewModel.swift in Sources */,
				B2860C4D2740508F00EDDD9B /* ResoneError.swift in Sources */,
				B2EC8664275C1B6400FD57DD /* TopPaidBookVC.swift in Sources */,
				B26D6813275D414A003164A0 /* SearchCellViewModel.swift in Sources */,
				B2A752ED2757114400A4BC82 /* SearchVC.swift in Sources */,
				B2860C582740523B00EDDD9B /* Helper+Ext.swift in Sources */,
				B24E82782752D6550069224D /* DetailsVS.swift in Sources */,
				B2E2AECA275BEC3200E50B9C /* State.swift in Sources */,
				B24E826E2752C0D80069224D /* BookStoreVC.swift in Sources */,
				B2860C1E27404D4000EDDD9B /* AppDelegate.swift in Sources */,
				B24E82732752C8B10069224D /* BookStoreCell.swift in Sources */,
				B26D6819275D564D003164A0 /* SearchDetailsVC.swift in Sources */,
			);
			runOnlyForDeploymentPostprocessing = 0;
		};
/* End PBXSourcesBuildPhase section */

/* Begin PBXVariantGroup section */
		B25220FA2751F489003E6894 /* Search.storyboard */ = {
			isa = PBXVariantGroup;
			children = (
				B25220FB2751F489003E6894 /* Base */,
			);
			name = Search.storyboard;
			sourceTree = "<group>";
		};
		B2860C2327404D4000EDDD9B /* Main.storyboard */ = {
			isa = PBXVariantGroup;
			children = (
				B2860C2427404D4000EDDD9B /* Base */,
			);
			name = Main.storyboard;
			sourceTree = "<group>";
		};
		B2860C2827404D4100EDDD9B /* LaunchScreen.storyboard */ = {
			isa = PBXVariantGroup;
			children = (
				B2860C2927404D4100EDDD9B /* Base */,
			);
			name = LaunchScreen.storyboard;
			sourceTree = "<group>";
		};
		B2EC8655275C018E00FD57DD /* TopFreeBooks.storyboard */ = {
			isa = PBXVariantGroup;
			children = (
				B2EC8656275C018E00FD57DD /* Base */,
			);
			name = TopFreeBooks.storyboard;
			sourceTree = "<group>";
		};
/* End PBXVariantGroup section */

/* Begin XCBuildConfiguration section */
		B2860C2C27404D4100EDDD9B /* Debug */ = {
			isa = XCBuildConfiguration;
			buildSettings = {
				ALWAYS_SEARCH_USER_PATHS = NO;
				CLANG_ANALYZER_NONNULL = YES;
				CLANG_ANALYZER_NUMBER_OBJECT_CONVERSION = YES_AGGRESSIVE;
				CLANG_CXX_LANGUAGE_STANDARD = "gnu++14";
				CLANG_CXX_LIBRARY = "libc++";
				CLANG_ENABLE_MODULES = YES;
				CLANG_ENABLE_OBJC_ARC = YES;
				CLANG_ENABLE_OBJC_WEAK = YES;
				CLANG_WARN_BLOCK_CAPTURE_AUTORELEASING = YES;
				CLANG_WARN_BOOL_CONVERSION = YES;
				CLANG_WARN_COMMA = YES;
				CLANG_WARN_CONSTANT_CONVERSION = YES;
				CLANG_WARN_DEPRECATED_OBJC_IMPLEMENTATIONS = YES;
				CLANG_WARN_DIRECT_OBJC_ISA_USAGE = YES_ERROR;
				CLANG_WARN_DOCUMENTATION_COMMENTS = YES;
				CLANG_WARN_EMPTY_BODY = YES;
				CLANG_WARN_ENUM_CONVERSION = YES;
				CLANG_WARN_INFINITE_RECURSION = YES;
				CLANG_WARN_INT_CONVERSION = YES;
				CLANG_WARN_NON_LITERAL_NULL_CONVERSION = YES;
				CLANG_WARN_OBJC_IMPLICIT_RETAIN_SELF = YES;
				CLANG_WARN_OBJC_LITERAL_CONVERSION = YES;
				CLANG_WARN_OBJC_ROOT_CLASS = YES_ERROR;
				CLANG_WARN_QUOTED_INCLUDE_IN_FRAMEWORK_HEADER = YES;
				CLANG_WARN_RANGE_LOOP_ANALYSIS = YES;
				CLANG_WARN_STRICT_PROTOTYPES = YES;
				CLANG_WARN_SUSPICIOUS_MOVE = YES;
				CLANG_WARN_UNGUARDED_AVAILABILITY = YES_AGGRESSIVE;
				CLANG_WARN_UNREACHABLE_CODE = YES;
				CLANG_WARN__DUPLICATE_METHOD_MATCH = YES;
				COPY_PHASE_STRIP = NO;
				DEBUG_INFORMATION_FORMAT = dwarf;
				ENABLE_STRICT_OBJC_MSGSEND = YES;
				ENABLE_TESTABILITY = YES;
				GCC_C_LANGUAGE_STANDARD = gnu11;
				GCC_DYNAMIC_NO_PIC = NO;
				GCC_NO_COMMON_BLOCKS = YES;
				GCC_OPTIMIZATION_LEVEL = 0;
				GCC_PREPROCESSOR_DEFINITIONS = (
					"DEBUG=1",
					"$(inherited)",
				);
				GCC_WARN_64_TO_32_BIT_CONVERSION = YES;
				GCC_WARN_ABOUT_RETURN_TYPE = YES_ERROR;
				GCC_WARN_UNDECLARED_SELECTOR = YES;
				GCC_WARN_UNINITIALIZED_AUTOS = YES_AGGRESSIVE;
				GCC_WARN_UNUSED_FUNCTION = YES;
				GCC_WARN_UNUSED_VARIABLE = YES;
				IPHONEOS_DEPLOYMENT_TARGET = 14.4;
				MTL_ENABLE_DEBUG_INFO = INCLUDE_SOURCE;
				MTL_FAST_MATH = YES;
				ONLY_ACTIVE_ARCH = YES;
				SDKROOT = iphoneos;
				SWIFT_ACTIVE_COMPILATION_CONDITIONS = DEBUG;
				SWIFT_OPTIMIZATION_LEVEL = "-Onone";
			};
			name = Debug;
		};
		B2860C2D27404D4100EDDD9B /* Release */ = {
			isa = XCBuildConfiguration;
			buildSettings = {
				ALWAYS_SEARCH_USER_PATHS = NO;
				CLANG_ANALYZER_NONNULL = YES;
				CLANG_ANALYZER_NUMBER_OBJECT_CONVERSION = YES_AGGRESSIVE;
				CLANG_CXX_LANGUAGE_STANDARD = "gnu++14";
				CLANG_CXX_LIBRARY = "libc++";
				CLANG_ENABLE_MODULES = YES;
				CLANG_ENABLE_OBJC_ARC = YES;
				CLANG_ENABLE_OBJC_WEAK = YES;
				CLANG_WARN_BLOCK_CAPTURE_AUTORELEASING = YES;
				CLANG_WARN_BOOL_CONVERSION = YES;
				CLANG_WARN_COMMA = YES;
				CLANG_WARN_CONSTANT_CONVERSION = YES;
				CLANG_WARN_DEPRECATED_OBJC_IMPLEMENTATIONS = YES;
				CLANG_WARN_DIRECT_OBJC_ISA_USAGE = YES_ERROR;
				CLANG_WARN_DOCUMENTATION_COMMENTS = YES;
				CLANG_WARN_EMPTY_BODY = YES;
				CLANG_WARN_ENUM_CONVERSION = YES;
				CLANG_WARN_INFINITE_RECURSION = YES;
				CLANG_WARN_INT_CONVERSION = YES;
				CLANG_WARN_NON_LITERAL_NULL_CONVERSION = YES;
				CLANG_WARN_OBJC_IMPLICIT_RETAIN_SELF = YES;
				CLANG_WARN_OBJC_LITERAL_CONVERSION = YES;
				CLANG_WARN_OBJC_ROOT_CLASS = YES_ERROR;
				CLANG_WARN_QUOTED_INCLUDE_IN_FRAMEWORK_HEADER = YES;
				CLANG_WARN_RANGE_LOOP_ANALYSIS = YES;
				CLANG_WARN_STRICT_PROTOTYPES = YES;
				CLANG_WARN_SUSPICIOUS_MOVE = YES;
				CLANG_WARN_UNGUARDED_AVAILABILITY = YES_AGGRESSIVE;
				CLANG_WARN_UNREACHABLE_CODE = YES;
				CLANG_WARN__DUPLICATE_METHOD_MATCH = YES;
				COPY_PHASE_STRIP = NO;
				DEBUG_INFORMATION_FORMAT = "dwarf-with-dsym";
				ENABLE_NS_ASSERTIONS = NO;
				ENABLE_STRICT_OBJC_MSGSEND = YES;
				GCC_C_LANGUAGE_STANDARD = gnu11;
				GCC_NO_COMMON_BLOCKS = YES;
				GCC_WARN_64_TO_32_BIT_CONVERSION = YES;
				GCC_WARN_ABOUT_RETURN_TYPE = YES_ERROR;
				GCC_WARN_UNDECLARED_SELECTOR = YES;
				GCC_WARN_UNINITIALIZED_AUTOS = YES_AGGRESSIVE;
				GCC_WARN_UNUSED_FUNCTION = YES;
				GCC_WARN_UNUSED_VARIABLE = YES;
				IPHONEOS_DEPLOYMENT_TARGET = 14.4;
				MTL_ENABLE_DEBUG_INFO = NO;
				MTL_FAST_MATH = YES;
				SDKROOT = iphoneos;
				SWIFT_COMPILATION_MODE = wholemodule;
				SWIFT_OPTIMIZATION_LEVEL = "-O";
				VALIDATE_PRODUCT = YES;
			};
			name = Release;
		};
		B2860C2F27404D4100EDDD9B /* Debug */ = {
			isa = XCBuildConfiguration;
			buildSettings = {
				ASSETCATALOG_COMPILER_APPICON_NAME = AppIcon;
				ASSETCATALOG_COMPILER_GLOBAL_ACCENT_COLOR_NAME = AccentColor;
				CODE_SIGN_STYLE = Automatic;
				DEVELOPMENT_TEAM = L5U6M2GDVA;
				INFOPLIST_FILE = "$(SRCROOT)/Books Apple/Support/Info.plist";
				LD_RUNPATH_SEARCH_PATHS = (
					"$(inherited)",
					"@executable_path/Frameworks",
				);
				PRODUCT_BUNDLE_IDENTIFIER = "HelleTomorrow.Books-Apple";
				PRODUCT_NAME = "$(TARGET_NAME)";
				SWIFT_VERSION = 5.0;
				TARGETED_DEVICE_FAMILY = 1;
			};
			name = Debug;
		};
		B2860C3027404D4100EDDD9B /* Release */ = {
			isa = XCBuildConfiguration;
			buildSettings = {
				ASSETCATALOG_COMPILER_APPICON_NAME = AppIcon;
				ASSETCATALOG_COMPILER_GLOBAL_ACCENT_COLOR_NAME = AccentColor;
				CODE_SIGN_STYLE = Automatic;
				DEVELOPMENT_TEAM = L5U6M2GDVA;
				INFOPLIST_FILE = "$(SRCROOT)/Books Apple/Support/Info.plist";
				LD_RUNPATH_SEARCH_PATHS = (
					"$(inherited)",
					"@executable_path/Frameworks",
				);
				PRODUCT_BUNDLE_IDENTIFIER = "HelleTomorrow.Books-Apple";
				PRODUCT_NAME = "$(TARGET_NAME)";
				SWIFT_VERSION = 5.0;
				TARGETED_DEVICE_FAMILY = 1;
			};
			name = Release;
		};
/* End XCBuildConfiguration section */

/* Begin XCConfigurationList section */
		B2860C1527404D4000EDDD9B /* Build configuration list for PBXProject "Books Apple" */ = {
			isa = XCConfigurationList;
			buildConfigurations = (
				B2860C2C27404D4100EDDD9B /* Debug */,
				B2860C2D27404D4100EDDD9B /* Release */,
			);
			defaultConfigurationIsVisible = 0;
			defaultConfigurationName = Release;
		};
		B2860C2E27404D4100EDDD9B /* Build configuration list for PBXNativeTarget "Books Apple" */ = {
			isa = XCConfigurationList;
			buildConfigurations = (
				B2860C2F27404D4100EDDD9B /* Debug */,
				B2860C3027404D4100EDDD9B /* Release */,
			);
			defaultConfigurationIsVisible = 0;
			defaultConfigurationName = Release;
		};
/* End XCConfigurationList section */

/* Begin XCRemoteSwiftPackageReference section */
		B216461D27409521009B2869 /* XCRemoteSwiftPackageReference "Toast-Swift" */ = {
			isa = XCRemoteSwiftPackageReference;
			repositoryURL = "https://github.com/scalessec/Toast-Swift";
			requirement = {
				kind = upToNextMajorVersion;
				minimumVersion = 5.0.1;
			};
		};
		B216462927409599009B2869 /* XCRemoteSwiftPackageReference "SDWebImage" */ = {
			isa = XCRemoteSwiftPackageReference;
			repositoryURL = "https://github.com/SDWebImage/SDWebImage";
			requirement = {
				kind = upToNextMajorVersion;
				minimumVersion = 5.12.1;
			};
		};
		B21EE6272751C1B100E279C6 /* XCRemoteSwiftPackageReference "Alamofire" */ = {
			isa = XCRemoteSwiftPackageReference;
			repositoryURL = "https://github.com/Alamofire/Alamofire";
			requirement = {
				kind = upToNextMajorVersion;
				minimumVersion = 5.4.4;
			};
		};
/* End XCRemoteSwiftPackageReference section */

/* Begin XCSwiftPackageProductDependency section */
		B216461E27409521009B2869 /* Toast */ = {
			isa = XCSwiftPackageProductDependency;
			package = B216461D27409521009B2869 /* XCRemoteSwiftPackageReference "Toast-Swift" */;
			productName = Toast;
		};
		B216462A27409599009B2869 /* SDWebImage */ = {
			isa = XCSwiftPackageProductDependency;
			package = B216462927409599009B2869 /* XCRemoteSwiftPackageReference "SDWebImage" */;
			productName = SDWebImage;
		};
		B21EE6282751C1B100E279C6 /* Alamofire */ = {
			isa = XCSwiftPackageProductDependency;
			package = B21EE6272751C1B100E279C6 /* XCRemoteSwiftPackageReference "Alamofire" */;
			productName = Alamofire;
		};
/* End XCSwiftPackageProductDependency section */
	};
	rootObject = B2860C1227404D4000EDDD9B /* Project object */;
}
